
Microsoft Visual Studio Solution File, Format Version 12.00
# Visual Studio Version 17
VisualStudioVersion = 17.13.35931.197 d17.13
MinimumVisualStudioVersion = 10.0.40219.1
Project("{FAE04EC0-301F-11D3-BF4B-00C04F79EFBC}") = "hotelguru", "hotelguru\hotelguru.csproj", "{59EEA06A-FF27-44DE-9930-A0D12F902EA0}"
EndProject
Project("{FAE04EC0-301F-11D3-BF4B-00C04F79EFBC}") = "Hotelguru.Services", "Hotelguru.Services\Hotelguru.Services.csproj", "{8676B1C7-3AA5-4E4C-8BFF-04ED1DCC9C9E}"
EndProject
Project("{FAE04EC0-301F-11D3-BF4B-00C04F79EFBC}") = "Hotelguru.DataContext", "Hotelguru.DataContext\Hotelguru.DataContext.csproj", "{1C23A9B9-CAFB-443E-913B-95D5E34277ED}"
EndProject
Global
	GlobalSection(SolutionConfigurationPlatforms) = preSolution
		Debug|Any CPU = Debug|Any CPU
		Release|Any CPU = Release|Any CPU
	EndGlobalSection
	GlobalSection(ProjectConfigurationPlatforms) = postSolution
		{59EEA06A-FF27-44DE-9930-A0D12F902EA0}.Debug|Any CPU.ActiveCfg = Debug|Any CPU
		{59EEA06A-FF27-44DE-9930-A0D12F902EA0}.Debug|Any CPU.Build.0 = Debug|Any CPU
		{59EEA06A-FF27-44DE-9930-A0D12F902EA0}.Release|Any CPU.ActiveCfg = Release|Any CPU
		{59EEA06A-FF27-44DE-9930-A0D12F902EA0}.Release|Any CPU.Build.0 = Release|Any CPU
		{8676B1C7-3AA5-4E4C-8BFF-04ED1DCC9C9E}.Debug|Any CPU.ActiveCfg = Debug|Any CPU
		{8676B1C7-3AA5-4E4C-8BFF-04ED1DCC9C9E}.Debug|Any CPU.Build.0 = Debug|Any CPU
		{8676B1C7-3AA5-4E4C-8BFF-04ED1DCC9C9E}.Release|Any CPU.ActiveCfg = Release|Any CPU
		{8676B1C7-3AA5-4E4C-8BFF-04ED1DCC9C9E}.Release|Any CPU.Build.0 = Release|Any CPU
		{1C23A9B9-CAFB-443E-913B-95D5E34277ED}.Debug|Any CPU.ActiveCfg = Debug|Any CPU
		{1C23A9B9-CAFB-443E-913B-95D5E34277ED}.Debug|Any CPU.Build.0 = Debug|Any CPU
		{1C23A9B9-CAFB-443E-913B-95D5E34277ED}.Release|Any CPU.ActiveCfg = Release|Any CPU
		{1C23A9B9-CAFB-443E-913B-95D5E34277ED}.Release|Any CPU.Build.0 = Release|Any CPU
	EndGlobalSection
	GlobalSection(SolutionProperties) = preSolution
		HideSolutionNode = FALSE
	EndGlobalSection
	GlobalSection(ExtensibilityGlobals) = postSolution
		SolutionGuid = {1429E5F5-906F-4472-9B36-1E7F5F19DCD8}
	EndGlobalSection
EndGlobal
